// !$*UTF8*$!
{
	archiveVersion = 1;
	classes = {
	};
	objectVersion = 56;
	objects = {

/* Begin PBXBuildFile section */
		AD00E56A2CA2A1D3009C0506 /* PlateReminderApp.swift in Sources */ = {isa = PBXBuildFile; fileRef = AD00E5692CA2A1D3009C0506 /* PlateReminderApp.swift */; };
		AD00E56C2CA2A1D3009C0506 /* PlateGaugeView.swift in Sources */ = {isa = PBXBuildFile; fileRef = AD00E56B2CA2A1D3009C0506 /* PlateGaugeView.swift */; };
		AD00E56E2CA2A1D7009C0506 /* Assets.xcassets in Resources */ = {isa = PBXBuildFile; fileRef = AD00E56D2CA2A1D7009C0506 /* Assets.xcassets */; };
		AD00E5712CA2A1D7009C0506 /* Preview Assets.xcassets in Resources */ = {isa = PBXBuildFile; fileRef = AD00E5702CA2A1D7009C0506 /* Preview Assets.xcassets */; };
		AD00E57B2CA2A1D7009C0506 /* PlateReminderTests.swift in Sources */ = {isa = PBXBuildFile; fileRef = AD00E57A2CA2A1D7009C0506 /* PlateReminderTests.swift */; };
		AD00E5852CA2A1D7009C0506 /* PlateReminderUITests.swift in Sources */ = {isa = PBXBuildFile; fileRef = AD00E5842CA2A1D7009C0506 /* PlateReminderUITests.swift */; };
		AD00E5872CA2A1D7009C0506 /* PlateReminderUITestsLaunchTests.swift in Sources */ = {isa = PBXBuildFile; fileRef = AD00E5862CA2A1D7009C0506 /* PlateReminderUITestsLaunchTests.swift */; };
		AD00E5962CA3FC65009C0506 /* PlateGaugeStyle.swift in Sources */ = {isa = PBXBuildFile; fileRef = AD00E5952CA3FC65009C0506 /* PlateGaugeStyle.swift */; };
/* End PBXBuildFile section */

/* Begin PBXContainerItemProxy section */
		AD00E5772CA2A1D7009C0506 /* PBXContainerItemProxy */ = {
			isa = PBXContainerItemProxy;
			containerPortal = AD00E55E2CA2A1D3009C0506 /* Project object */;
			proxyType = 1;
			remoteGlobalIDString = AD00E5652CA2A1D3009C0506;
			remoteInfo = PlateReminder;
		};
		AD00E5812CA2A1D7009C0506 /* PBXContainerItemProxy */ = {
			isa = PBXContainerItemProxy;
			containerPortal = AD00E55E2CA2A1D3009C0506 /* Project object */;
			proxyType = 1;
			remoteGlobalIDString = AD00E5652CA2A1D3009C0506;
			remoteInfo = PlateReminder;
		};
/* End PBXContainerItemProxy section */

/* Begin PBXFileReference section */
		AD00E5662CA2A1D3009C0506 /* PlateReminder.app */ = {isa = PBXFileReference; explicitFileType = wrapper.application; includeInIndex = 0; path = PlateReminder.app; sourceTree = BUILT_PRODUCTS_DIR; };
		AD00E5692CA2A1D3009C0506 /* PlateReminderApp.swift */ = {isa = PBXFileReference; lastKnownFileType = sourcecode.swift; path = PlateReminderApp.swift; sourceTree = "<group>"; };
		AD00E56B2CA2A1D3009C0506 /* PlateGaugeView.swift */ = {isa = PBXFileReference; lastKnownFileType = sourcecode.swift; path = PlateGaugeView.swift; sourceTree = "<group>"; };
		AD00E56D2CA2A1D7009C0506 /* Assets.xcassets */ = {isa = PBXFileReference; lastKnownFileType = folder.assetcatalog; path = Assets.xcassets; sourceTree = "<group>"; };
		AD00E5702CA2A1D7009C0506 /* Preview Assets.xcassets */ = {isa = PBXFileReference; lastKnownFileType = folder.assetcatalog; path = "Preview Assets.xcassets"; sourceTree = "<group>"; };
		AD00E5762CA2A1D7009C0506 /* PlateReminderTests.xctest */ = {isa = PBXFileReference; explicitFileType = wrapper.cfbundle; includeInIndex = 0; path = PlateReminderTests.xctest; sourceTree = BUILT_PRODUCTS_DIR; };
		AD00E57A2CA2A1D7009C0506 /* PlateReminderTests.swift */ = {isa = PBXFileReference; lastKnownFileType = sourcecode.swift; path = PlateReminderTests.swift; sourceTree = "<group>"; };
		AD00E5802CA2A1D7009C0506 /* PlateReminderUITests.xctest */ = {isa = PBXFileReference; explicitFileType = wrapper.cfbundle; includeInIndex = 0; path = PlateReminderUITests.xctest; sourceTree = BUILT_PRODUCTS_DIR; };
		AD00E5842CA2A1D7009C0506 /* PlateReminderUITests.swift */ = {isa = PBXFileReference; lastKnownFileType = sourcecode.swift; path = PlateReminderUITests.swift; sourceTree = "<group>"; };
		AD00E5862CA2A1D7009C0506 /* PlateReminderUITestsLaunchTests.swift */ = {isa = PBXFileReference; lastKnownFileType = sourcecode.swift; path = PlateReminderUITestsLaunchTests.swift; sourceTree = "<group>"; };
		AD00E5952CA3FC65009C0506 /* PlateGaugeStyle.swift */ = {isa = PBXFileReference; lastKnownFileType = sourcecode.swift; path = PlateGaugeStyle.swift; sourceTree = "<group>"; };
/* End PBXFileReference section */

/* Begin PBXFrameworksBuildPhase section */
		AD00E5632CA2A1D3009C0506 /* Frameworks */ = {
			isa = PBXFrameworksBuildPhase;
			buildActionMask = 2147483647;
			files = (
			);
			runOnlyForDeploymentPostprocessing = 0;
		};
		AD00E5732CA2A1D7009C0506 /* Frameworks */ = {
			isa = PBXFrameworksBuildPhase;
			buildActionMask = 2147483647;
			files = (
			);
			runOnlyForDeploymentPostprocessing = 0;
		};
		AD00E57D2CA2A1D7009C0506 /* Frameworks */ = {
			isa = PBXFrameworksBuildPhase;
			buildActionMask = 2147483647;
			files = (
			);
			runOnlyForDeploymentPostprocessing = 0;
		};
/* End PBXFrameworksBuildPhase section */

/* Begin PBXGroup section */
		AD00E55D2CA2A1D3009C0506 = {
			isa = PBXGroup;
			children = (
				AD00E5682CA2A1D3009C0506 /* PlateReminder */,
				AD00E5792CA2A1D7009C0506 /* PlateReminderTests */,
				AD00E5832CA2A1D7009C0506 /* PlateReminderUITests */,
				AD00E5672CA2A1D3009C0506 /* Products */,
			);
			sourceTree = "<group>";
		};
		AD00E5672CA2A1D3009C0506 /* Products */ = {
			isa = PBXGroup;
			children = (
				AD00E5662CA2A1D3009C0506 /* PlateReminder.app */,
				AD00E5762CA2A1D7009C0506 /* PlateReminderTests.xctest */,
				AD00E5802CA2A1D7009C0506 /* PlateReminderUITests.xctest */,
			);
			name = Products;
			sourceTree = "<group>";
		};
		AD00E5682CA2A1D3009C0506 /* PlateReminder */ = {
			isa = PBXGroup;
			children = (
				AD00E5692CA2A1D3009C0506 /* PlateReminderApp.swift */,
				AD00E5932CA3FC31009C0506 /* Views */,
				AD00E56D2CA2A1D7009C0506 /* Assets.xcassets */,
				AD00E56F2CA2A1D7009C0506 /* Preview Content */,
			);
			path = PlateReminder;
			sourceTree = "<group>";
		};
		AD00E56F2CA2A1D7009C0506 /* Preview Content */ = {
			isa = PBXGroup;
			children = (
				AD00E5702CA2A1D7009C0506 /* Preview Assets.xcassets */,
			);
			path = "Preview Content";
			sourceTree = "<group>";
		};
		AD00E5792CA2A1D7009C0506 /* PlateReminderTests */ = {
			isa = PBXGroup;
			children = (
				AD00E57A2CA2A1D7009C0506 /* PlateReminderTests.swift */,
			);
			path = PlateReminderTests;
			sourceTree = "<group>";
		};
		AD00E5832CA2A1D7009C0506 /* PlateReminderUITests */ = {
			isa = PBXGroup;
			children = (
				AD00E5842CA2A1D7009C0506 /* PlateReminderUITests.swift */,
				AD00E5862CA2A1D7009C0506 /* PlateReminderUITestsLaunchTests.swift */,
			);
			path = PlateReminderUITests;
			sourceTree = "<group>";
		};
		AD00E5932CA3FC31009C0506 /* Views */ = {
			isa = PBXGroup;
			children = (
				AD00E5942CA3FC48009C0506 /* GaugeView */,
			);
			path = Views;
			sourceTree = "<group>";
		};
		AD00E5942CA3FC48009C0506 /* GaugeView */ = {
			isa = PBXGroup;
			children = (
				AD00E56B2CA2A1D3009C0506 /* PlateGaugeView.swift */,
				AD00E5952CA3FC65009C0506 /* PlateGaugeStyle.swift */,
			);
			path = GaugeView;
			sourceTree = "<group>";
		};
/* End PBXGroup section */

/* Begin PBXNativeTarget section */
		AD00E5652CA2A1D3009C0506 /* PlateReminder */ = {
			isa = PBXNativeTarget;
			buildConfigurationList = AD00E58A2CA2A1D7009C0506 /* Build configuration list for PBXNativeTarget "PlateReminder" */;
			buildPhases = (
				AD00E5622CA2A1D3009C0506 /* Sources */,
				AD00E5632CA2A1D3009C0506 /* Frameworks */,
				AD00E5642CA2A1D3009C0506 /* Resources */,
			);
			buildRules = (
			);
			dependencies = (
			);
			name = PlateReminder;
			productName = PlateReminder;
			productReference = AD00E5662CA2A1D3009C0506 /* PlateReminder.app */;
			productType = "com.apple.product-type.application";
		};
		AD00E5752CA2A1D7009C0506 /* PlateReminderTests */ = {
			isa = PBXNativeTarget;
			buildConfigurationList = AD00E58D2CA2A1D7009C0506 /* Build configuration list for PBXNativeTarget "PlateReminderTests" */;
			buildPhases = (
				AD00E5722CA2A1D7009C0506 /* Sources */,
				AD00E5732CA2A1D7009C0506 /* Frameworks */,
				AD00E5742CA2A1D7009C0506 /* Resources */,
			);
			buildRules = (
			);
			dependencies = (
				AD00E5782CA2A1D7009C0506 /* PBXTargetDependency */,
			);
			name = PlateReminderTests;
			productName = PlateReminderTests;
			productReference = AD00E5762CA2A1D7009C0506 /* PlateReminderTests.xctest */;
			productType = "com.apple.product-type.bundle.unit-test";
		};
		AD00E57F2CA2A1D7009C0506 /* PlateReminderUITests */ = {
			isa = PBXNativeTarget;
			buildConfigurationList = AD00E5902CA2A1D7009C0506 /* Build configuration list for PBXNativeTarget "PlateReminderUITests" */;
			buildPhases = (
				AD00E57C2CA2A1D7009C0506 /* Sources */,
				AD00E57D2CA2A1D7009C0506 /* Frameworks */,
				AD00E57E2CA2A1D7009C0506 /* Resources */,
			);
			buildRules = (
			);
			dependencies = (
				AD00E5822CA2A1D7009C0506 /* PBXTargetDependency */,
			);
			name = PlateReminderUITests;
			productName = PlateReminderUITests;
			productReference = AD00E5802CA2A1D7009C0506 /* PlateReminderUITests.xctest */;
			productType = "com.apple.product-type.bundle.ui-testing";
		};
/* End PBXNativeTarget section */

/* Begin PBXProject section */
		AD00E55E2CA2A1D3009C0506 /* Project object */ = {
			isa = PBXProject;
			attributes = {
				BuildIndependentTargetsInParallel = 1;
				LastSwiftUpdateCheck = 1530;
				LastUpgradeCheck = 1530;
				TargetAttributes = {
					AD00E5652CA2A1D3009C0506 = {
						CreatedOnToolsVersion = 15.3;
					};
					AD00E5752CA2A1D7009C0506 = {
						CreatedOnToolsVersion = 15.3;
						TestTargetID = AD00E5652CA2A1D3009C0506;
					};
					AD00E57F2CA2A1D7009C0506 = {
						CreatedOnToolsVersion = 15.3;
						TestTargetID = AD00E5652CA2A1D3009C0506;
					};
				};
			};
			buildConfigurationList = AD00E5612CA2A1D3009C0506 /* Build configuration list for PBXProject "PlateReminder" */;
			compatibilityVersion = "Xcode 14.0";
			developmentRegion = en;
			hasScannedForEncodings = 0;
			knownRegions = (
				en,
				Base,
			);
			mainGroup = AD00E55D2CA2A1D3009C0506;
			productRefGroup = AD00E5672CA2A1D3009C0506 /* Products */;
			projectDirPath = "";
			projectRoot = "";
			targets = (
				AD00E5652CA2A1D3009C0506 /* PlateReminder */,
				AD00E5752CA2A1D7009C0506 /* PlateReminderTests */,
				AD00E57F2CA2A1D7009C0506 /* PlateReminderUITests */,
			);
		};
/* End PBXProject section */

/* Begin PBXResourcesBuildPhase section */
		AD00E5642CA2A1D3009C0506 /* Resources */ = {
			isa = PBXResourcesBuildPhase;
			buildActionMask = 2147483647;
			files = (
				AD00E5712CA2A1D7009C0506 /* Preview Assets.xcassets in Resources */,
				AD00E56E2CA2A1D7009C0506 /* Assets.xcassets in Resources */,
			);
			runOnlyForDeploymentPostprocessing = 0;
		};
		AD00E5742CA2A1D7009C0506 /* Resources */ = {
			isa = PBXResourcesBuildPhase;
			buildActionMask = 2147483647;
			files = (
			);
			runOnlyForDeploymentPostprocessing = 0;
		};
		AD00E57E2CA2A1D7009C0506 /* Resources */ = {
			isa = PBXResourcesBuildPhase;
			buildActionMask = 2147483647;
			files = (
			);
			runOnlyForDeploymentPostprocessing = 0;
		};
/* End PBXResourcesBuildPhase section */

/* Begin PBXSourcesBuildPhase section */
		AD00E5622CA2A1D3009C0506 /* Sources */ = {
			isa = PBXSourcesBuildPhase;
			buildActionMask = 2147483647;
			files = (
				AD00E56C2CA2A1D3009C0506 /* PlateGaugeView.swift in Sources */,
				AD00E5962CA3FC65009C0506 /* PlateGaugeStyle.swift in Sources */,
				AD00E56A2CA2A1D3009C0506 /* PlateReminderApp.swift in Sources */,
			);
			runOnlyForDeploymentPostprocessing = 0;
		};
		AD00E5722CA2A1D7009C0506 /* Sources */ = {
			isa = PBXSourcesBuildPhase;
			buildActionMask = 2147483647;
			files = (
				AD00E57B2CA2A1D7009C0506 /* PlateReminderTests.swift in Sources */,
			);
			runOnlyForDeploymentPostprocessing = 0;
		};
		AD00E57C2CA2A1D7009C0506 /* Sources */ = {
			isa = PBXSourcesBuildPhase;
			buildActionMask = 2147483647;
			files = (
				AD00E5852CA2A1D7009C0506 /* PlateReminderUITests.swift in Sources */,
				AD00E5872CA2A1D7009C0506 /* PlateReminderUITestsLaunchTests.swift in Sources */,
			);
			runOnlyForDeploymentPostprocessing = 0;
		};
/* End PBXSourcesBuildPhase section */

/* Begin PBXTargetDependency section */
		AD00E5782CA2A1D7009C0506 /* PBXTargetDependency */ = {
			isa = PBXTargetDependency;
			target = AD00E5652CA2A1D3009C0506 /* PlateReminder */;
			targetProxy = AD00E5772CA2A1D7009C0506 /* PBXContainerItemProxy */;
		};
		AD00E5822CA2A1D7009C0506 /* PBXTargetDependency */ = {
			isa = PBXTargetDependency;
			target = AD00E5652CA2A1D3009C0506 /* PlateReminder */;
			targetProxy = AD00E5812CA2A1D7009C0506 /* PBXContainerItemProxy */;
		};
/* End PBXTargetDependency section */

/* Begin XCBuildConfiguration section */
		AD00E5882CA2A1D7009C0506 /* Debug */ = {
			isa = XCBuildConfiguration;
			buildSettings = {
				ALWAYS_SEARCH_USER_PATHS = NO;
				ASSETCATALOG_COMPILER_GENERATE_SWIFT_ASSET_SYMBOL_EXTENSIONS = YES;
				CLANG_ANALYZER_NONNULL = YES;
				CLANG_ANALYZER_NUMBER_OBJECT_CONVERSION = YES_AGGRESSIVE;
				CLANG_CXX_LANGUAGE_STANDARD = "gnu++20";
				CLANG_ENABLE_MODULES = YES;
				CLANG_ENABLE_OBJC_ARC = YES;
				CLANG_ENABLE_OBJC_WEAK = YES;
				CLANG_WARN_BLOCK_CAPTURE_AUTORELEASING = YES;
				CLANG_WARN_BOOL_CONVERSION = YES;
				CLANG_WARN_COMMA = YES;
				CLANG_WARN_CONSTANT_CONVERSION = YES;
				CLANG_WARN_DEPRECATED_OBJC_IMPLEMENTATIONS = YES;
				CLANG_WARN_DIRECT_OBJC_ISA_USAGE = YES_ERROR;
				CLANG_WARN_DOCUMENTATION_COMMENTS = YES;
				CLANG_WARN_EMPTY_BODY = YES;
				CLANG_WARN_ENUM_CONVERSION = YES;
				CLANG_WARN_INFINITE_RECURSION = YES;
				CLANG_WARN_INT_CONVERSION = YES;
				CLANG_WARN_NON_LITERAL_NULL_CONVERSION = YES;
				CLANG_WARN_OBJC_IMPLICIT_RETAIN_SELF = YES;
				CLANG_WARN_OBJC_LITERAL_CONVERSION = YES;
				CLANG_WARN_OBJC_ROOT_CLASS = YES_ERROR;
				CLANG_WARN_QUOTED_INCLUDE_IN_FRAMEWORK_HEADER = YES;
				CLANG_WARN_RANGE_LOOP_ANALYSIS = YES;
				CLANG_WARN_STRICT_PROTOTYPES = YES;
				CLANG_WARN_SUSPICIOUS_MOVE = YES;
				CLANG_WARN_UNGUARDED_AVAILABILITY = YES_AGGRESSIVE;
				CLANG_WARN_UNREACHABLE_CODE = YES;
				CLANG_WARN__DUPLICATE_METHOD_MATCH = YES;
				COPY_PHASE_STRIP = NO;
				DEBUG_INFORMATION_FORMAT = dwarf;
				ENABLE_STRICT_OBJC_MSGSEND = YES;
				ENABLE_TESTABILITY = YES;
				ENABLE_USER_SCRIPT_SANDBOXING = YES;
				GCC_C_LANGUAGE_STANDARD = gnu17;
				GCC_DYNAMIC_NO_PIC = NO;
				GCC_NO_COMMON_BLOCKS = YES;
				GCC_OPTIMIZATION_LEVEL = 0;
				GCC_PREPROCESSOR_DEFINITIONS = (
					"DEBUG=1",
					"$(inherited)",
				);
				GCC_WARN_64_TO_32_BIT_CONVERSION = YES;
				GCC_WARN_ABOUT_RETURN_TYPE = YES_ERROR;
				GCC_WARN_UNDECLARED_SELECTOR = YES;
				GCC_WARN_UNINITIALIZED_AUTOS = YES_AGGRESSIVE;
				GCC_WARN_UNUSED_FUNCTION = YES;
				GCC_WARN_UNUSED_VARIABLE = YES;
				IPHONEOS_DEPLOYMENT_TARGET = 17.4;
				LOCALIZATION_PREFERS_STRING_CATALOGS = YES;
				MTL_ENABLE_DEBUG_INFO = INCLUDE_SOURCE;
				MTL_FAST_MATH = YES;
				ONLY_ACTIVE_ARCH = YES;
				SDKROOT = iphoneos;
				SWIFT_ACTIVE_COMPILATION_CONDITIONS = "DEBUG $(inherited)";
				SWIFT_OPTIMIZATION_LEVEL = "-Onone";
			};
			name = Debug;
		};
		AD00E5892CA2A1D7009C0506 /* Release */ = {
			isa = XCBuildConfiguration;
			buildSettings = {
				ALWAYS_SEARCH_USER_PATHS = NO;
				ASSETCATALOG_COMPILER_GENERATE_SWIFT_ASSET_SYMBOL_EXTENSIONS = YES;
				CLANG_ANALYZER_NONNULL = YES;
				CLANG_ANALYZER_NUMBER_OBJECT_CONVERSION = YES_AGGRESSIVE;
				CLANG_CXX_LANGUAGE_STANDARD = "gnu++20";
				CLANG_ENABLE_MODULES = YES;
				CLANG_ENABLE_OBJC_ARC = YES;
				CLANG_ENABLE_OBJC_WEAK = YES;
				CLANG_WARN_BLOCK_CAPTURE_AUTORELEASING = YES;
				CLANG_WARN_BOOL_CONVERSION = YES;
				CLANG_WARN_COMMA = YES;
				CLANG_WARN_CONSTANT_CONVERSION = YES;
				CLANG_WARN_DEPRECATED_OBJC_IMPLEMENTATIONS = YES;
				CLANG_WARN_DIRECT_OBJC_ISA_USAGE = YES_ERROR;
				CLANG_WARN_DOCUMENTATION_COMMENTS = YES;
				CLANG_WARN_EMPTY_BODY = YES;
				CLANG_WARN_ENUM_CONVERSION = YES;
				CLANG_WARN_INFINITE_RECURSION = YES;
				CLANG_WARN_INT_CONVERSION = YES;
				CLANG_WARN_NON_LITERAL_NULL_CONVERSION = YES;
				CLANG_WARN_OBJC_IMPLICIT_RETAIN_SELF = YES;
				CLANG_WARN_OBJC_LITERAL_CONVERSION = YES;
				CLANG_WARN_OBJC_ROOT_CLASS = YES_ERROR;
				CLANG_WARN_QUOTED_INCLUDE_IN_FRAMEWORK_HEADER = YES;
				CLANG_WARN_RANGE_LOOP_ANALYSIS = YES;
				CLANG_WARN_STRICT_PROTOTYPES = YES;
				CLANG_WARN_SUSPICIOUS_MOVE = YES;
				CLANG_WARN_UNGUARDED_AVAILABILITY = YES_AGGRESSIVE;
				CLANG_WARN_UNREACHABLE_CODE = YES;
				CLANG_WARN__DUPLICATE_METHOD_MATCH = YES;
				COPY_PHASE_STRIP = NO;
				DEBUG_INFORMATION_FORMAT = "dwarf-with-dsym";
				ENABLE_NS_ASSERTIONS = NO;
				ENABLE_STRICT_OBJC_MSGSEND = YES;
				ENABLE_USER_SCRIPT_SANDBOXING = YES;
				GCC_C_LANGUAGE_STANDARD = gnu17;
				GCC_NO_COMMON_BLOCKS = YES;
				GCC_WARN_64_TO_32_BIT_CONVERSION = YES;
				GCC_WARN_ABOUT_RETURN_TYPE = YES_ERROR;
				GCC_WARN_UNDECLARED_SELECTOR = YES;
				GCC_WARN_UNINITIALIZED_AUTOS = YES_AGGRESSIVE;
				GCC_WARN_UNUSED_FUNCTION = YES;
				GCC_WARN_UNUSED_VARIABLE = YES;
				IPHONEOS_DEPLOYMENT_TARGET = 17.4;
				LOCALIZATION_PREFERS_STRING_CATALOGS = YES;
				MTL_ENABLE_DEBUG_INFO = NO;
				MTL_FAST_MATH = YES;
				SDKROOT = iphoneos;
				SWIFT_COMPILATION_MODE = wholemodule;
				VALIDATE_PRODUCT = YES;
			};
			name = Release;
		};
		AD00E58B2CA2A1D7009C0506 /* Debug */ = {
			isa = XCBuildConfiguration;
			buildSettings = {
				ASSETCATALOG_COMPILER_APPICON_NAME = AppIcon;
				ASSETCATALOG_COMPILER_GLOBAL_ACCENT_COLOR_NAME = AccentColor;
				CODE_SIGN_STYLE = Automatic;
				CURRENT_PROJECT_VERSION = 1;
				DEVELOPMENT_ASSET_PATHS = "\"PlateReminder/Preview Content\"";
				DEVELOPMENT_TEAM = 3Z52WD5MD8;
				ENABLE_PREVIEWS = YES;
				GENERATE_INFOPLIST_FILE = YES;
				INFOPLIST_KEY_LSApplicationCategoryType = "public.app-category.utilities";
				INFOPLIST_KEY_UIApplicationSceneManifest_Generation = YES;
				INFOPLIST_KEY_UIApplicationSupportsIndirectInputEvents = YES;
				INFOPLIST_KEY_UILaunchScreen_Generation = YES;
				INFOPLIST_KEY_UISupportedInterfaceOrientations = UIInterfaceOrientationPortrait;
				INFOPLIST_KEY_UISupportedInterfaceOrientations_iPad = "UIInterfaceOrientationLandscapeLeft UIInterfaceOrientationLandscapeRight UIInterfaceOrientationPortrait UIInterfaceOrientationPortraitUpsideDown";
				LD_RUNPATH_SEARCH_PATHS = (
					"$(inherited)",
					"@executable_path/Frameworks",
				);
				MARKETING_VERSION = 1.0;
				PRODUCT_BUNDLE_IDENTIFIER = com.naver.kimkj93.PlateReminder;
				PRODUCT_NAME = "$(TARGET_NAME)";
				SUPPORTED_PLATFORMS = "iphoneos iphonesimulator";
				SUPPORTS_MACCATALYST = NO;
				SUPPORTS_MAC_DESIGNED_FOR_IPHONE_IPAD = NO;
				SUPPORTS_XR_DESIGNED_FOR_IPHONE_IPAD = NO;
				SWIFT_EMIT_LOC_STRINGS = YES;
				SWIFT_VERSION = 5.0;
				TARGETED_DEVICE_FAMILY = 1;
			};
			name = Debug;
		};
		AD00E58C2CA2A1D7009C0506 /* Release */ = {
			isa = XCBuildConfiguration;
			buildSettings = {
				ASSETCATALOG_COMPILER_APPICON_NAME = AppIcon;
				ASSETCATALOG_COMPILER_GLOBAL_ACCENT_COLOR_NAME = AccentColor;
				CODE_SIGN_STYLE = Automatic;
				CURRENT_PROJECT_VERSION = 1;
				DEVELOPMENT_ASSET_PATHS = "\"PlateReminder/Preview Content\"";
				DEVELOPMENT_TEAM = 3Z52WD5MD8;
				ENABLE_PREVIEWS = YES;
				GENERATE_INFOPLIST_FILE = YES;
				INFOPLIST_KEY_LSApplicationCategoryType = "public.app-category.utilities";
				INFOPLIST_KEY_UIApplicationSceneManifest_Generation = YES;
				INFOPLIST_KEY_UIApplicationSupportsIndirectInputEvents = YES;
				INFOPLIST_KEY_UILaunchScreen_Generation = YES;
				INFOPLIST_KEY_UISupportedInterfaceOrientations = UIInterfaceOrientationPortrait;
				INFOPLIST_KEY_UISupportedInterfaceOrientations_iPad = "UIInterfaceOrientationLandscapeLeft UIInterfaceOrientationLandscapeRight UIInterfaceOrientationPortrait UIInterfaceOrientationPortraitUpsideDown";
				LD_RUNPATH_SEARCH_PATHS = (
					"$(inherited)",
					"@executable_path/Frameworks",
				);
				MARKETING_VERSION = 1.0;
				PRODUCT_BUNDLE_IDENTIFIER = com.naver.kimkj93.PlateReminder;
				PRODUCT_NAME = "$(TARGET_NAME)";
				SUPPORTED_PLATFORMS = "iphoneos iphonesimulator";
				SUPPORTS_MACCATALYST = NO;
				SUPPORTS_MAC_DESIGNED_FOR_IPHONE_IPAD = NO;
				SUPPORTS_XR_DESIGNED_FOR_IPHONE_IPAD = NO;
				SWIFT_EMIT_LOC_STRINGS = YES;
				SWIFT_VERSION = 5.0;
				TARGETED_DEVICE_FAMILY = 1;
			};
			name = Release;
		};
		AD00E58E2CA2A1D7009C0506 /* Debug */ = {
			isa = XCBuildConfiguration;
			buildSettings = {
				ALWAYS_EMBED_SWIFT_STANDARD_LIBRARIES = YES;
				BUNDLE_LOADER = "$(TEST_HOST)";
				CODE_SIGN_STYLE = Automatic;
				CURRENT_PROJECT_VERSION = 1;
				DEVELOPMENT_TEAM = 3Z52WD5MD8;
				GENERATE_INFOPLIST_FILE = YES;
				IPHONEOS_DEPLOYMENT_TARGET = 17.4;
				MARKETING_VERSION = 1.0;
				PRODUCT_BUNDLE_IDENTIFIER = com.naver.kimkj93.PlateReminderTests;
				PRODUCT_NAME = "$(TARGET_NAME)";
				SWIFT_EMIT_LOC_STRINGS = NO;
				SWIFT_VERSION = 5.0;
				TARGETED_DEVICE_FAMILY = "1,2";
				TEST_HOST = "$(BUILT_PRODUCTS_DIR)/PlateReminder.app/$(BUNDLE_EXECUTABLE_FOLDER_PATH)/PlateReminder";
			};
			name = Debug;
		};
		AD00E58F2CA2A1D7009C0506 /* Release */ = {
			isa = XCBuildConfiguration;
			buildSettings = {
				ALWAYS_EMBED_SWIFT_STANDARD_LIBRARIES = YES;
				BUNDLE_LOADER = "$(TEST_HOST)";
				CODE_SIGN_STYLE = Automatic;
				CURRENT_PROJECT_VERSION = 1;
				DEVELOPMENT_TEAM = 3Z52WD5MD8;
				GENERATE_INFOPLIST_FILE = YES;
				IPHONEOS_DEPLOYMENT_TARGET = 17.4;
				MARKETING_VERSION = 1.0;
				PRODUCT_BUNDLE_IDENTIFIER = com.naver.kimkj93.PlateReminderTests;
				PRODUCT_NAME = "$(TARGET_NAME)";
				SWIFT_EMIT_LOC_STRINGS = NO;
				SWIFT_VERSION = 5.0;
				TARGETED_DEVICE_FAMILY = "1,2";
				TEST_HOST = "$(BUILT_PRODUCTS_DIR)/PlateReminder.app/$(BUNDLE_EXECUTABLE_FOLDER_PATH)/PlateReminder";
			};
			name = Release;
		};
		AD00E5912CA2A1D7009C0506 /* Debug */ = {
			isa = XCBuildConfiguration;
			buildSettings = {
				ALWAYS_EMBED_SWIFT_STANDARD_LIBRARIES = YES;
				CODE_SIGN_STYLE = Automatic;
				CURRENT_PROJECT_VERSION = 1;
				DEVELOPMENT_TEAM = 3Z52WD5MD8;
				GENERATE_INFOPLIST_FILE = YES;
				MARKETING_VERSION = 1.0;
				PRODUCT_BUNDLE_IDENTIFIER = com.naver.kimkj93.PlateReminderUITests;
				PRODUCT_NAME = "$(TARGET_NAME)";
				SWIFT_EMIT_LOC_STRINGS = NO;
				SWIFT_VERSION = 5.0;
				TARGETED_DEVICE_FAMILY = "1,2";
				TEST_TARGET_NAME = PlateReminder;
			};
			name = Debug;
		};
		AD00E5922CA2A1D7009C0506 /* Release */ = {
			isa = XCBuildConfiguration;
			buildSettings = {
				ALWAYS_EMBED_SWIFT_STANDARD_LIBRARIES = YES;
				CODE_SIGN_STYLE = Automatic;
				CURRENT_PROJECT_VERSION = 1;
				DEVELOPMENT_TEAM = 3Z52WD5MD8;
				GENERATE_INFOPLIST_FILE = YES;
				MARKETING_VERSION = 1.0;
				PRODUCT_BUNDLE_IDENTIFIER = com.naver.kimkj93.PlateReminderUITests;
				PRODUCT_NAME = "$(TARGET_NAME)";
				SWIFT_EMIT_LOC_STRINGS = NO;
				SWIFT_VERSION = 5.0;
				TARGETED_DEVICE_FAMILY = "1,2";
				TEST_TARGET_NAME = PlateReminder;
			};
			name = Release;
		};
/* End XCBuildConfiguration section */

/* Begin XCConfigurationList section */
		AD00E5612CA2A1D3009C0506 /* Build configuration list for PBXProject "PlateReminder" */ = {
			isa = XCConfigurationList;
			buildConfigurations = (
				AD00E5882CA2A1D7009C0506 /* Debug */,
				AD00E5892CA2A1D7009C0506 /* Release */,
			);
			defaultConfigurationIsVisible = 0;
			defaultConfigurationName = Release;
		};
		AD00E58A2CA2A1D7009C0506 /* Build configuration list for PBXNativeTarget "PlateReminder" */ = {
			isa = XCConfigurationList;
			buildConfigurations = (
				AD00E58B2CA2A1D7009C0506 /* Debug */,
				AD00E58C2CA2A1D7009C0506 /* Release */,
			);
			defaultConfigurationIsVisible = 0;
			defaultConfigurationName = Release;
		};
		AD00E58D2CA2A1D7009C0506 /* Build configuration list for PBXNativeTarget "PlateReminderTests" */ = {
			isa = XCConfigurationList;
			buildConfigurations = (
				AD00E58E2CA2A1D7009C0506 /* Debug */,
				AD00E58F2CA2A1D7009C0506 /* Release */,
			);
			defaultConfigurationIsVisible = 0;
			defaultConfigurationName = Release;
		};
		AD00E5902CA2A1D7009C0506 /* Build configuration list for PBXNativeTarget "PlateReminderUITests" */ = {
			isa = XCConfigurationList;
			buildConfigurations = (
				AD00E5912CA2A1D7009C0506 /* Debug */,
				AD00E5922CA2A1D7009C0506 /* Release */,
			);
			defaultConfigurationIsVisible = 0;
			defaultConfigurationName = Release;
		};
/* End XCConfigurationList section */
	};
	rootObject = AD00E55E2CA2A1D3009C0506 /* Project object */;
}
